
Microsoft Visual Studio Solution File, Format Version 12.00
Project("{2150E333-8FDC-42A3-9474-1A3956D46DE8}") = "src", "src", "{579908F1-394A-4266-B88E-482646CB5D97}"
EndProject
Project("{FAE04EC0-301F-11D3-BF4B-00C04F79EFBC}") = "ValidationAttributes.Umbraco", "ValidationAttributes.Umbraco\ValidationAttributes.Umbraco.csproj", "{76A0FF51-77A8-4398-A8C7-82B7A4B58A55}"
EndProject
Project("{FAE04EC0-301F-11D3-BF4B-00C04F79EFBC}") = "UmbValidationAttributes", "UmbValidationAttributes\UmbValidationAttributes.csproj", "{605B6E86-F90E-455E-AA62-9E558A92F204}"
EndProject
Global
	GlobalSection(SolutionConfigurationPlatforms) = preSolution
		Debug|Any CPU = Debug|Any CPU
		Release|Any CPU = Release|Any CPU
	EndGlobalSection
	GlobalSection(NestedProjects) = preSolution
		{76A0FF51-77A8-4398-A8C7-82B7A4B58A55} = {579908F1-394A-4266-B88E-482646CB5D97}
		{605B6E86-F90E-455E-AA62-9E558A92F204} = {579908F1-394A-4266-B88E-482646CB5D97}
	EndGlobalSection
	GlobalSection(ProjectConfigurationPlatforms) = postSolution
		{76A0FF51-77A8-4398-A8C7-82B7A4B58A55}.Debug|Any CPU.ActiveCfg = Debug|Any CPU
		{76A0FF51-77A8-4398-A8C7-82B7A4B58A55}.Debug|Any CPU.Build.0 = Debug|Any CPU
		{76A0FF51-77A8-4398-A8C7-82B7A4B58A55}.Release|Any CPU.ActiveCfg = Release|Any CPU
		{76A0FF51-77A8-4398-A8C7-82B7A4B58A55}.Release|Any CPU.Build.0 = Release|Any CPU
		{605B6E86-F90E-455E-AA62-9E558A92F204}.Debug|Any CPU.ActiveCfg = Debug|Any CPU
		{605B6E86-F90E-455E-AA62-9E558A92F204}.Debug|Any CPU.Build.0 = Debug|Any CPU
		{605B6E86-F90E-455E-AA62-9E558A92F204}.Release|Any CPU.ActiveCfg = Release|Any CPU
		{605B6E86-F90E-455E-AA62-9E558A92F204}.Release|Any CPU.Build.0 = Release|Any CPU
	EndGlobalSection
EndGlobal
